
Microsoft Visual Studio Solution File, Format Version 12.00
# Visual Studio Version 17
VisualStudioVersion = 17.9.34723.18
MinimumVisualStudioVersion = 10.0.40219.1
Project("{FAE04EC0-301F-11D3-BF4B-00C04F79EFBC}") = "qr_code_generator", "qr_code_generator.csproj", "{15FCD4B6-DDB5-4084-8932-788C3A547D73}"
EndProject
Global
	GlobalSection(SolutionConfigurationPlatforms) = preSolution
		Debug|Any CPU = Debug|Any CPU
		Release|Any CPU = Release|Any CPU
	EndGlobalSection
	GlobalSection(ProjectConfigurationPlatforms) = postSolution
		{15FCD4B6-DDB5-4084-8932-788C3A547D73}.Debug|Any CPU.ActiveCfg = Debug|Any CPU
		{15FCD4B6-DDB5-4084-8932-788C3A547D73}.Debug|Any CPU.Build.0 = Debug|Any CPU
		{15FCD4B6-DDB5-4084-8932-788C3A547D73}.Release|Any CPU.ActiveCfg = Release|Any CPU
		{15FCD4B6-DDB5-4084-8932-788C3A547D73}.Release|Any CPU.Build.0 = Release|Any CPU
	EndGlobalSection
	GlobalSection(SolutionProperties) = preSolution
		HideSolutionNode = FALSE
	EndGlobalSection
	GlobalSection(ExtensibilityGlobals) = postSolution
		SolutionGuid = {25C75C87-C3DF-4356-86A4-4B86B8238EBD}
	EndGlobalSection
EndGlobal
